
Microsoft Visual Studio Solution File, Format Version 12.00
# Visual Studio Version 17
VisualStudioVersion = 17.0.31903.59
MinimumVisualStudioVersion = 10.0.40219.1
Project("{2150E333-8FDC-42A3-9474-1A3956D46DE8}") = "src", "src", "{827E0CD3-B72D-47B6-A68D-7590B98EB39B}"
EndProject
Project("{2150E333-8FDC-42A3-9474-1A3956D46DE8}") = "ProxyConfig", "ProxyConfig", "{C7586E74-06BE-E5BA-75B5-D724188F4771}"
EndProject
Project("{FAE04EC0-301F-11D3-BF4B-00C04F79EFBC}") = "ProxyConfig.Core", "src\ProxyConfig\ProxyConfig.Core\ProxyConfig.Core.csproj", "{A69B0EB3-48CB-4FAA-A0B0-606D7FDDE6AC}"
EndProject
Project("{FAE04EC0-301F-11D3-BF4B-00C04F79EFBC}") = "ProxyConfig.Infrastructure", "src\ProxyConfig\ProxyConfig.Infrastructure\ProxyConfig.Infrastructure.csproj", "{0266D4A6-C298-42F3-83BB-5BBAEF72B3FA}"
EndProject
Project("{2150E333-8FDC-42A3-9474-1A3956D46DE8}") = "ServiceBroker", "ServiceBroker", "{942A9646-2BC0-D2DF-CA01-5B50766C09AB}"
EndProject
Project("{FAE04EC0-301F-11D3-BF4B-00C04F79EFBC}") = "ServiceBroker.Core", "src\ServiceBroker\ServiceBroker.Core\ServiceBroker.Core.csproj", "{6E735B89-F052-4784-8106-52352440F5D1}"
EndProject
Project("{FAE04EC0-301F-11D3-BF4B-00C04F79EFBC}") = "ServiceBroker.Infrastructure", "src\ServiceBroker\ServiceBroker.Infrastructure\ServiceBroker.Infrastructure.csproj", "{C7BE3C40-6A66-4FF4-8007-966372FC3519}"
EndProject
Project("{FAE04EC0-301F-11D3-BF4B-00C04F79EFBC}") = "ServiceBroker.Api", "src\ServiceBroker\ServiceBroker.Api\ServiceBroker.Api.csproj", "{206481F3-6BB8-445E-BD88-9D01CBC7EF72}"
EndProject
Project("{2150E333-8FDC-42A3-9474-1A3956D46DE8}") = "Provisioning", "Provisioning", "{7A525B78-E969-FD72-9620-F609A9A5BEEC}"
EndProject
Project("{FAE04EC0-301F-11D3-BF4B-00C04F79EFBC}") = "Provisioning.Core", "src\Provisioning\Provisioning.Core\Provisioning.Core.csproj", "{47F1526E-774B-4D47-B08E-A668B71430E0}"
EndProject
Project("{FAE04EC0-301F-11D3-BF4B-00C04F79EFBC}") = "Provisioning.Worker", "src\Provisioning\Provisioning.Worker\Provisioning.Worker.csproj", "{511BB1B1-7972-4958-892B-9CB4D6DB2DA2}"
EndProject
Project("{2150E333-8FDC-42A3-9474-1A3956D46DE8}") = "ControlPlane", "ControlPlane", "{446D8F33-C73B-BF73-CF50-6948B082F41B}"
EndProject
Project("{FAE04EC0-301F-11D3-BF4B-00C04F79EFBC}") = "ControlPlane.Core", "src\ControlPlane\ControlPlane.Core\ControlPlane.Core.csproj", "{7BF04B99-6131-49E5-BCF6-C81E334815BE}"
EndProject
Project("{FAE04EC0-301F-11D3-BF4B-00C04F79EFBC}") = "ControlPlane.Infrastructure", "src\ControlPlane\ControlPlane.Infrastructure\ControlPlane.Infrastructure.csproj", "{FF3EA8D8-DD41-439A-ADE4-5F76F79A61EC}"
EndProject
Project("{FAE04EC0-301F-11D3-BF4B-00C04F79EFBC}") = "ControlPlane.Api", "src\ControlPlane\ControlPlane.Api\ControlPlane.Api.csproj", "{F7AE1DEE-97B3-437D-852A-987192D8FD76}"
EndProject
Project("{2150E333-8FDC-42A3-9474-1A3956D46DE8}") = "tests", "tests", "{0AB3BF05-4346-4AA6-1389-037BE0695223}"
EndProject
Project("{FAE04EC0-301F-11D3-BF4B-00C04F79EFBC}") = "ProxyConfig.Tests", "tests\ProxyConfig.Tests\ProxyConfig.Tests.csproj", "{3D2F45EC-6C2A-4A62-99CF-2D0CA235B672}"
EndProject
Project("{FAE04EC0-301F-11D3-BF4B-00C04F79EFBC}") = "ServiceBroker.Tests", "tests\ServiceBroker.Tests\ServiceBroker.Tests.csproj", "{8CDB183F-D02E-4B3F-ABAC-49D71572AE04}"
EndProject
Project("{FAE04EC0-301F-11D3-BF4B-00C04F79EFBC}") = "Provisioning.Tests", "tests\Provisioning.Tests\Provisioning.Tests.csproj", "{66CE0B70-684F-4FC6-871E-8C1CB0E69A13}"
EndProject
Project("{FAE04EC0-301F-11D3-BF4B-00C04F79EFBC}") = "ControlPlane.Tests", "tests\ControlPlane.Tests\ControlPlane.Tests.csproj", "{C0478DE8-DD9D-4212-A531-DC8A117B6B17}"
EndProject
Global
	GlobalSection(SolutionConfigurationPlatforms) = preSolution
		Debug|Any CPU = Debug|Any CPU
		Debug|x64 = Debug|x64
		Debug|x86 = Debug|x86
		Release|Any CPU = Release|Any CPU
		Release|x64 = Release|x64
		Release|x86 = Release|x86
	EndGlobalSection
	GlobalSection(ProjectConfigurationPlatforms) = postSolution
		{A69B0EB3-48CB-4FAA-A0B0-606D7FDDE6AC}.Debug|Any CPU.ActiveCfg = Debug|Any CPU
		{A69B0EB3-48CB-4FAA-A0B0-606D7FDDE6AC}.Debug|Any CPU.Build.0 = Debug|Any CPU
		{A69B0EB3-48CB-4FAA-A0B0-606D7FDDE6AC}.Debug|x64.ActiveCfg = Debug|Any CPU
		{A69B0EB3-48CB-4FAA-A0B0-606D7FDDE6AC}.Debug|x64.Build.0 = Debug|Any CPU
		{A69B0EB3-48CB-4FAA-A0B0-606D7FDDE6AC}.Debug|x86.ActiveCfg = Debug|Any CPU
		{A69B0EB3-48CB-4FAA-A0B0-606D7FDDE6AC}.Debug|x86.Build.0 = Debug|Any CPU
		{A69B0EB3-48CB-4FAA-A0B0-606D7FDDE6AC}.Release|Any CPU.ActiveCfg = Release|Any CPU
		{A69B0EB3-48CB-4FAA-A0B0-606D7FDDE6AC}.Release|Any CPU.Build.0 = Release|Any CPU
		{A69B0EB3-48CB-4FAA-A0B0-606D7FDDE6AC}.Release|x64.ActiveCfg = Release|Any CPU
		{A69B0EB3-48CB-4FAA-A0B0-606D7FDDE6AC}.Release|x64.Build.0 = Release|Any CPU
		{A69B0EB3-48CB-4FAA-A0B0-606D7FDDE6AC}.Release|x86.ActiveCfg = Release|Any CPU
		{A69B0EB3-48CB-4FAA-A0B0-606D7FDDE6AC}.Release|x86.Build.0 = Release|Any CPU
		{0266D4A6-C298-42F3-83BB-5BBAEF72B3FA}.Debug|Any CPU.ActiveCfg = Debug|Any CPU
		{0266D4A6-C298-42F3-83BB-5BBAEF72B3FA}.Debug|Any CPU.Build.0 = Debug|Any CPU
		{0266D4A6-C298-42F3-83BB-5BBAEF72B3FA}.Debug|x64.ActiveCfg = Debug|Any CPU
		{0266D4A6-C298-42F3-83BB-5BBAEF72B3FA}.Debug|x64.Build.0 = Debug|Any CPU
		{0266D4A6-C298-42F3-83BB-5BBAEF72B3FA}.Debug|x86.ActiveCfg = Debug|Any CPU
		{0266D4A6-C298-42F3-83BB-5BBAEF72B3FA}.Debug|x86.Build.0 = Debug|Any CPU
		{0266D4A6-C298-42F3-83BB-5BBAEF72B3FA}.Release|Any CPU.ActiveCfg = Release|Any CPU
		{0266D4A6-C298-42F3-83BB-5BBAEF72B3FA}.Release|Any CPU.Build.0 = Release|Any CPU
		{0266D4A6-C298-42F3-83BB-5BBAEF72B3FA}.Release|x64.ActiveCfg = Release|Any CPU
		{0266D4A6-C298-42F3-83BB-5BBAEF72B3FA}.Release|x64.Build.0 = Release|Any CPU
		{0266D4A6-C298-42F3-83BB-5BBAEF72B3FA}.Release|x86.ActiveCfg = Release|Any CPU
		{0266D4A6-C298-42F3-83BB-5BBAEF72B3FA}.Release|x86.Build.0 = Release|Any CPU
		{6E735B89-F052-4784-8106-52352440F5D1}.Debug|Any CPU.ActiveCfg = Debug|Any CPU
		{6E735B89-F052-4784-8106-52352440F5D1}.Debug|Any CPU.Build.0 = Debug|Any CPU
		{6E735B89-F052-4784-8106-52352440F5D1}.Debug|x64.ActiveCfg = Debug|Any CPU
		{6E735B89-F052-4784-8106-52352440F5D1}.Debug|x64.Build.0 = Debug|Any CPU
		{6E735B89-F052-4784-8106-52352440F5D1}.Debug|x86.ActiveCfg = Debug|Any CPU
		{6E735B89-F052-4784-8106-52352440F5D1}.Debug|x86.Build.0 = Debug|Any CPU
		{6E735B89-F052-4784-8106-52352440F5D1}.Release|Any CPU.ActiveCfg = Release|Any CPU
		{6E735B89-F052-4784-8106-52352440F5D1}.Release|Any CPU.Build.0 = Release|Any CPU
		{6E735B89-F052-4784-8106-52352440F5D1}.Release|x64.ActiveCfg = Release|Any CPU
		{6E735B89-F052-4784-8106-52352440F5D1}.Release|x64.Build.0 = Release|Any CPU
		{6E735B89-F052-4784-8106-52352440F5D1}.Release|x86.ActiveCfg = Release|Any CPU
		{6E735B89-F052-4784-8106-52352440F5D1}.Release|x86.Build.0 = Release|Any CPU
		{C7BE3C40-6A66-4FF4-8007-966372FC3519}.Debug|Any CPU.ActiveCfg = Debug|Any CPU
		{C7BE3C40-6A66-4FF4-8007-966372FC3519}.Debug|Any CPU.Build.0 = Debug|Any CPU
		{C7BE3C40-6A66-4FF4-8007-966372FC3519}.Debug|x64.ActiveCfg = Debug|Any CPU
		{C7BE3C40-6A66-4FF4-8007-966372FC3519}.Debug|x64.Build.0 = Debug|Any CPU
		{C7BE3C40-6A66-4FF4-8007-966372FC3519}.Debug|x86.ActiveCfg = Debug|Any CPU
		{C7BE3C40-6A66-4FF4-8007-966372FC3519}.Debug|x86.Build.0 = Debug|Any CPU
		{C7BE3C40-6A66-4FF4-8007-966372FC3519}.Release|Any CPU.ActiveCfg = Release|Any CPU
		{C7BE3C40-6A66-4FF4-8007-966372FC3519}.Release|Any CPU.Build.0 = Release|Any CPU
		{C7BE3C40-6A66-4FF4-8007-966372FC3519}.Release|x64.ActiveCfg = Release|Any CPU
		{C7BE3C40-6A66-4FF4-8007-966372FC3519}.Release|x64.Build.0 = Release|Any CPU
		{C7BE3C40-6A66-4FF4-8007-966372FC3519}.Release|x86.ActiveCfg = Release|Any CPU
		{C7BE3C40-6A66-4FF4-8007-966372FC3519}.Release|x86.Build.0 = Release|Any CPU
		{206481F3-6BB8-445E-BD88-9D01CBC7EF72}.Debug|Any CPU.ActiveCfg = Debug|Any CPU
		{206481F3-6BB8-445E-BD88-9D01CBC7EF72}.Debug|Any CPU.Build.0 = Debug|Any CPU
		{206481F3-6BB8-445E-BD88-9D01CBC7EF72}.Debug|x64.ActiveCfg = Debug|Any CPU
		{206481F3-6BB8-445E-BD88-9D01CBC7EF72}.Debug|x64.Build.0 = Debug|Any CPU
		{206481F3-6BB8-445E-BD88-9D01CBC7EF72}.Debug|x86.ActiveCfg = Debug|Any CPU
		{206481F3-6BB8-445E-BD88-9D01CBC7EF72}.Debug|x86.Build.0 = Debug|Any CPU
		{206481F3-6BB8-445E-BD88-9D01CBC7EF72}.Release|Any CPU.ActiveCfg = Release|Any CPU
		{206481F3-6BB8-445E-BD88-9D01CBC7EF72}.Release|Any CPU.Build.0 = Release|Any CPU
		{206481F3-6BB8-445E-BD88-9D01CBC7EF72}.Release|x64.ActiveCfg = Release|Any CPU
		{206481F3-6BB8-445E-BD88-9D01CBC7EF72}.Release|x64.Build.0 = Release|Any CPU
		{206481F3-6BB8-445E-BD88-9D01CBC7EF72}.Release|x86.ActiveCfg = Release|Any CPU
		{206481F3-6BB8-445E-BD88-9D01CBC7EF72}.Release|x86.Build.0 = Release|Any CPU
		{47F1526E-774B-4D47-B08E-A668B71430E0}.Debug|Any CPU.ActiveCfg = Debug|Any CPU
		{47F1526E-774B-4D47-B08E-A668B71430E0}.Debug|Any CPU.Build.0 = Debug|Any CPU
		{47F1526E-774B-4D47-B08E-A668B71430E0}.Debug|x64.ActiveCfg = Debug|Any CPU
		{47F1526E-774B-4D47-B08E-A668B71430E0}.Debug|x64.Build.0 = Debug|Any CPU
		{47F1526E-774B-4D47-B08E-A668B71430E0}.Debug|x86.ActiveCfg = Debug|Any CPU
		{47F1526E-774B-4D47-B08E-A668B71430E0}.Debug|x86.Build.0 = Debug|Any CPU
		{47F1526E-774B-4D47-B08E-A668B71430E0}.Release|Any CPU.ActiveCfg = Release|Any CPU
		{47F1526E-774B-4D47-B08E-A668B71430E0}.Release|Any CPU.Build.0 = Release|Any CPU
		{47F1526E-774B-4D47-B08E-A668B71430E0}.Release|x64.ActiveCfg = Release|Any CPU
		{47F1526E-774B-4D47-B08E-A668B71430E0}.Release|x64.Build.0 = Release|Any CPU
		{47F1526E-774B-4D47-B08E-A668B71430E0}.Release|x86.ActiveCfg = Release|Any CPU
		{47F1526E-774B-4D47-B08E-A668B71430E0}.Release|x86.Build.0 = Release|Any CPU
		{511BB1B1-7972-4958-892B-9CB4D6DB2DA2}.Debug|Any CPU.ActiveCfg = Debug|Any CPU
		{511BB1B1-7972-4958-892B-9CB4D6DB2DA2}.Debug|Any CPU.Build.0 = Debug|Any CPU
		{511BB1B1-7972-4958-892B-9CB4D6DB2DA2}.Debug|x64.ActiveCfg = Debug|Any CPU
		{511BB1B1-7972-4958-892B-9CB4D6DB2DA2}.Debug|x64.Build.0 = Debug|Any CPU
		{511BB1B1-7972-4958-892B-9CB4D6DB2DA2}.Debug|x86.ActiveCfg = Debug|Any CPU
		{511BB1B1-7972-4958-892B-9CB4D6DB2DA2}.Debug|x86.Build.0 = Debug|Any CPU
		{511BB1B1-7972-4958-892B-9CB4D6DB2DA2}.Release|Any CPU.ActiveCfg = Release|Any CPU
		{511BB1B1-7972-4958-892B-9CB4D6DB2DA2}.Release|Any CPU.Build.0 = Release|Any CPU
		{511BB1B1-7972-4958-892B-9CB4D6DB2DA2}.Release|x64.ActiveCfg = Release|Any CPU
		{511BB1B1-7972-4958-892B-9CB4D6DB2DA2}.Release|x64.Build.0 = Release|Any CPU
		{511BB1B1-7972-4958-892B-9CB4D6DB2DA2}.Release|x86.ActiveCfg = Release|Any CPU
		{511BB1B1-7972-4958-892B-9CB4D6DB2DA2}.Release|x86.Build.0 = Release|Any CPU
		{7BF04B99-6131-49E5-BCF6-C81E334815BE}.Debug|Any CPU.ActiveCfg = Debug|Any CPU
		{7BF04B99-6131-49E5-BCF6-C81E334815BE}.Debug|Any CPU.Build.0 = Debug|Any CPU
		{7BF04B99-6131-49E5-BCF6-C81E334815BE}.Debug|x64.ActiveCfg = Debug|Any CPU
		{7BF04B99-6131-49E5-BCF6-C81E334815BE}.Debug|x64.Build.0 = Debug|Any CPU
		{7BF04B99-6131-49E5-BCF6-C81E334815BE}.Debug|x86.ActiveCfg = Debug|Any CPU
		{7BF04B99-6131-49E5-BCF6-C81E334815BE}.Debug|x86.Build.0 = Debug|Any CPU
		{7BF04B99-6131-49E5-BCF6-C81E334815BE}.Release|Any CPU.ActiveCfg = Release|Any CPU
		{7BF04B99-6131-49E5-BCF6-C81E334815BE}.Release|Any CPU.Build.0 = Release|Any CPU
		{7BF04B99-6131-49E5-BCF6-C81E334815BE}.Release|x64.ActiveCfg = Release|Any CPU
		{7BF04B99-6131-49E5-BCF6-C81E334815BE}.Release|x64.Build.0 = Release|Any CPU
		{7BF04B99-6131-49E5-BCF6-C81E334815BE}.Release|x86.ActiveCfg = Release|Any CPU
		{7BF04B99-6131-49E5-BCF6-C81E334815BE}.Release|x86.Build.0 = Release|Any CPU
		{FF3EA8D8-DD41-439A-ADE4-5F76F79A61EC}.Debug|Any CPU.ActiveCfg = Debug|Any CPU
		{FF3EA8D8-DD41-439A-ADE4-5F76F79A61EC}.Debug|Any CPU.Build.0 = Debug|Any CPU
		{FF3EA8D8-DD41-439A-ADE4-5F76F79A61EC}.Debug|x64.ActiveCfg = Debug|Any CPU
		{FF3EA8D8-DD41-439A-ADE4-5F76F79A61EC}.Debug|x64.Build.0 = Debug|Any CPU
		{FF3EA8D8-DD41-439A-ADE4-5F76F79A61EC}.Debug|x86.ActiveCfg = Debug|Any CPU
		{FF3EA8D8-DD41-439A-ADE4-5F76F79A61EC}.Debug|x86.Build.0 = Debug|Any CPU
		{FF3EA8D8-DD41-439A-ADE4-5F76F79A61EC}.Release|Any CPU.ActiveCfg = Release|Any CPU
		{FF3EA8D8-DD41-439A-ADE4-5F76F79A61EC}.Release|Any CPU.Build.0 = Release|Any CPU
		{FF3EA8D8-DD41-439A-ADE4-5F76F79A61EC}.Release|x64.ActiveCfg = Release|Any CPU
		{FF3EA8D8-DD41-439A-ADE4-5F76F79A61EC}.Release|x64.Build.0 = Release|Any CPU
		{FF3EA8D8-DD41-439A-ADE4-5F76F79A61EC}.Release|x86.ActiveCfg = Release|Any CPU
		{FF3EA8D8-DD41-439A-ADE4-5F76F79A61EC}.Release|x86.Build.0 = Release|Any CPU
		{F7AE1DEE-97B3-437D-852A-987192D8FD76}.Debug|Any CPU.ActiveCfg = Debug|Any CPU
		{F7AE1DEE-97B3-437D-852A-987192D8FD76}.Debug|Any CPU.Build.0 = Debug|Any CPU
		{F7AE1DEE-97B3-437D-852A-987192D8FD76}.Debug|x64.ActiveCfg = Debug|Any CPU
		{F7AE1DEE-97B3-437D-852A-987192D8FD76}.Debug|x64.Build.0 = Debug|Any CPU
		{F7AE1DEE-97B3-437D-852A-987192D8FD76}.Debug|x86.ActiveCfg = Debug|Any CPU
		{F7AE1DEE-97B3-437D-852A-987192D8FD76}.Debug|x86.Build.0 = Debug|Any CPU
		{F7AE1DEE-97B3-437D-852A-987192D8FD76}.Release|Any CPU.ActiveCfg = Release|Any CPU
		{F7AE1DEE-97B3-437D-852A-987192D8FD76}.Release|Any CPU.Build.0 = Release|Any CPU
		{F7AE1DEE-97B3-437D-852A-987192D8FD76}.Release|x64.ActiveCfg = Release|Any CPU
		{F7AE1DEE-97B3-437D-852A-987192D8FD76}.Release|x64.Build.0 = Release|Any CPU
		{F7AE1DEE-97B3-437D-852A-987192D8FD76}.Release|x86.ActiveCfg = Release|Any CPU
		{F7AE1DEE-97B3-437D-852A-987192D8FD76}.Release|x86.Build.0 = Release|Any CPU
		{3D2F45EC-6C2A-4A62-99CF-2D0CA235B672}.Debug|Any CPU.ActiveCfg = Debug|Any CPU
		{3D2F45EC-6C2A-4A62-99CF-2D0CA235B672}.Debug|Any CPU.Build.0 = Debug|Any CPU
		{3D2F45EC-6C2A-4A62-99CF-2D0CA235B672}.Debug|x64.ActiveCfg = Debug|Any CPU
		{3D2F45EC-6C2A-4A62-99CF-2D0CA235B672}.Debug|x64.Build.0 = Debug|Any CPU
		{3D2F45EC-6C2A-4A62-99CF-2D0CA235B672}.Debug|x86.ActiveCfg = Debug|Any CPU
		{3D2F45EC-6C2A-4A62-99CF-2D0CA235B672}.Debug|x86.Build.0 = Debug|Any CPU
		{3D2F45EC-6C2A-4A62-99CF-2D0CA235B672}.Release|Any CPU.ActiveCfg = Release|Any CPU
		{3D2F45EC-6C2A-4A62-99CF-2D0CA235B672}.Release|Any CPU.Build.0 = Release|Any CPU
		{3D2F45EC-6C2A-4A62-99CF-2D0CA235B672}.Release|x64.ActiveCfg = Release|Any CPU
		{3D2F45EC-6C2A-4A62-99CF-2D0CA235B672}.Release|x64.Build.0 = Release|Any CPU
		{3D2F45EC-6C2A-4A62-99CF-2D0CA235B672}.Release|x86.ActiveCfg = Release|Any CPU
		{3D2F45EC-6C2A-4A62-99CF-2D0CA235B672}.Release|x86.Build.0 = Release|Any CPU
		{8CDB183F-D02E-4B3F-ABAC-49D71572AE04}.Debug|Any CPU.ActiveCfg = Debug|Any CPU
		{8CDB183F-D02E-4B3F-ABAC-49D71572AE04}.Debug|Any CPU.Build.0 = Debug|Any CPU
		{8CDB183F-D02E-4B3F-ABAC-49D71572AE04}.Debug|x64.ActiveCfg = Debug|Any CPU
		{8CDB183F-D02E-4B3F-ABAC-49D71572AE04}.Debug|x64.Build.0 = Debug|Any CPU
		{8CDB183F-D02E-4B3F-ABAC-49D71572AE04}.Debug|x86.ActiveCfg = Debug|Any CPU
		{8CDB183F-D02E-4B3F-ABAC-49D71572AE04}.Debug|x86.Build.0 = Debug|Any CPU
		{8CDB183F-D02E-4B3F-ABAC-49D71572AE04}.Release|Any CPU.ActiveCfg = Release|Any CPU
		{8CDB183F-D02E-4B3F-ABAC-49D71572AE04}.Release|Any CPU.Build.0 = Release|Any CPU
		{8CDB183F-D02E-4B3F-ABAC-49D71572AE04}.Release|x64.ActiveCfg = Release|Any CPU
		{8CDB183F-D02E-4B3F-ABAC-49D71572AE04}.Release|x64.Build.0 = Release|Any CPU
		{8CDB183F-D02E-4B3F-ABAC-49D71572AE04}.Release|x86.ActiveCfg = Release|Any CPU
		{8CDB183F-D02E-4B3F-ABAC-49D71572AE04}.Release|x86.Build.0 = Release|Any CPU
		{66CE0B70-684F-4FC6-871E-8C1CB0E69A13}.Debug|Any CPU.ActiveCfg = Debug|Any CPU
		{66CE0B70-684F-4FC6-871E-8C1CB0E69A13}.Debug|Any CPU.Build.0 = Debug|Any CPU
		{66CE0B70-684F-4FC6-871E-8C1CB0E69A13}.Debug|x64.ActiveCfg = Debug|Any CPU
		{66CE0B70-684F-4FC6-871E-8C1CB0E69A13}.Debug|x64.Build.0 = Debug|Any CPU
		{66CE0B70-684F-4FC6-871E-8C1CB0E69A13}.Debug|x86.ActiveCfg = Debug|Any CPU
		{66CE0B70-684F-4FC6-871E-8C1CB0E69A13}.Debug|x86.Build.0 = Debug|Any CPU
		{66CE0B70-684F-4FC6-871E-8C1CB0E69A13}.Release|Any CPU.ActiveCfg = Release|Any CPU
		{66CE0B70-684F-4FC6-871E-8C1CB0E69A13}.Release|Any CPU.Build.0 = Release|Any CPU
		{66CE0B70-684F-4FC6-871E-8C1CB0E69A13}.Release|x64.ActiveCfg = Release|Any CPU
		{66CE0B70-684F-4FC6-871E-8C1CB0E69A13}.Release|x64.Build.0 = Release|Any CPU
		{66CE0B70-684F-4FC6-871E-8C1CB0E69A13}.Release|x86.ActiveCfg = Release|Any CPU
		{66CE0B70-684F-4FC6-871E-8C1CB0E69A13}.Release|x86.Build.0 = Release|Any CPU
		{C0478DE8-DD9D-4212-A531-DC8A117B6B17}.Debug|Any CPU.ActiveCfg = Debug|Any CPU
		{C0478DE8-DD9D-4212-A531-DC8A117B6B17}.Debug|Any CPU.Build.0 = Debug|Any CPU
		{C0478DE8-DD9D-4212-A531-DC8A117B6B17}.Debug|x64.ActiveCfg = Debug|Any CPU
		{C0478DE8-DD9D-4212-A531-DC8A117B6B17}.Debug|x64.Build.0 = Debug|Any CPU
		{C0478DE8-DD9D-4212-A531-DC8A117B6B17}.Debug|x86.ActiveCfg = Debug|Any CPU
		{C0478DE8-DD9D-4212-A531-DC8A117B6B17}.Debug|x86.Build.0 = Debug|Any CPU
		{C0478DE8-DD9D-4212-A531-DC8A117B6B17}.Release|Any CPU.ActiveCfg = Release|Any CPU
		{C0478DE8-DD9D-4212-A531-DC8A117B6B17}.Release|Any CPU.Build.0 = Release|Any CPU
		{C0478DE8-DD9D-4212-A531-DC8A117B6B17}.Release|x64.ActiveCfg = Release|Any CPU
		{C0478DE8-DD9D-4212-A531-DC8A117B6B17}.Release|x64.Build.0 = Release|Any CPU
		{C0478DE8-DD9D-4212-A531-DC8A117B6B17}.Release|x86.ActiveCfg = Release|Any CPU
		{C0478DE8-DD9D-4212-A531-DC8A117B6B17}.Release|x86.Build.0 = Release|Any CPU
	EndGlobalSection
	GlobalSection(SolutionProperties) = preSolution
		HideSolutionNode = FALSE
	EndGlobalSection
	GlobalSection(NestedProjects) = preSolution
		{C7586E74-06BE-E5BA-75B5-D724188F4771} = {827E0CD3-B72D-47B6-A68D-7590B98EB39B}
		{A69B0EB3-48CB-4FAA-A0B0-606D7FDDE6AC} = {C7586E74-06BE-E5BA-75B5-D724188F4771}
		{0266D4A6-C298-42F3-83BB-5BBAEF72B3FA} = {C7586E74-06BE-E5BA-75B5-D724188F4771}
		{942A9646-2BC0-D2DF-CA01-5B50766C09AB} = {827E0CD3-B72D-47B6-A68D-7590B98EB39B}
		{6E735B89-F052-4784-8106-52352440F5D1} = {942A9646-2BC0-D2DF-CA01-5B50766C09AB}
		{C7BE3C40-6A66-4FF4-8007-966372FC3519} = {942A9646-2BC0-D2DF-CA01-5B50766C09AB}
		{206481F3-6BB8-445E-BD88-9D01CBC7EF72} = {942A9646-2BC0-D2DF-CA01-5B50766C09AB}
		{7A525B78-E969-FD72-9620-F609A9A5BEEC} = {827E0CD3-B72D-47B6-A68D-7590B98EB39B}
		{47F1526E-774B-4D47-B08E-A668B71430E0} = {7A525B78-E969-FD72-9620-F609A9A5BEEC}
		{511BB1B1-7972-4958-892B-9CB4D6DB2DA2} = {7A525B78-E969-FD72-9620-F609A9A5BEEC}
		{446D8F33-C73B-BF73-CF50-6948B082F41B} = {827E0CD3-B72D-47B6-A68D-7590B98EB39B}
		{7BF04B99-6131-49E5-BCF6-C81E334815BE} = {446D8F33-C73B-BF73-CF50-6948B082F41B}
		{FF3EA8D8-DD41-439A-ADE4-5F76F79A61EC} = {446D8F33-C73B-BF73-CF50-6948B082F41B}
		{F7AE1DEE-97B3-437D-852A-987192D8FD76} = {446D8F33-C73B-BF73-CF50-6948B082F41B}
		{3D2F45EC-6C2A-4A62-99CF-2D0CA235B672} = {0AB3BF05-4346-4AA6-1389-037BE0695223}
		{8CDB183F-D02E-4B3F-ABAC-49D71572AE04} = {0AB3BF05-4346-4AA6-1389-037BE0695223}
		{66CE0B70-684F-4FC6-871E-8C1CB0E69A13} = {0AB3BF05-4346-4AA6-1389-037BE0695223}
		{C0478DE8-DD9D-4212-A531-DC8A117B6B17} = {0AB3BF05-4346-4AA6-1389-037BE0695223}
	EndGlobalSection
EndGlobal
